
Microsoft Visual Studio Solution File, Format Version 12.00
# Visual Studio 2012
Project("{8BC9CEB8-8B4A-11D0-8D11-00A0C91BC942}") = "rampart", "rampart\rampart.vcxproj", "{634B14DF-DC8D-44FA-ABF1-272BB54D89FC}"
EndProject
Global
	GlobalSection(SolutionConfigurationPlatforms) = preSolution
		Debug|Win32 = Debug|Win32
		Release|Win32 = Release|Win32
	EndGlobalSection
	GlobalSection(ProjectConfigurationPlatforms) = postSolution
		{634B14DF-DC8D-44FA-ABF1-272BB54D89FC}.Debug|Win32.ActiveCfg = Debug|Win32
		{634B14DF-DC8D-44FA-ABF1-272BB54D89FC}.Debug|Win32.Build.0 = Debug|Win32
		{634B14DF-DC8D-44FA-ABF1-272BB54D89FC}.Release|Win32.ActiveCfg = Release|Win32
		{634B14DF-DC8D-44FA-ABF1-272BB54D89FC}.Release|Win32.Build.0 = Release|Win32
	EndGlobalSection
	GlobalSection(SolutionProperties) = preSolution
		HideSolutionNode = FALSE
	EndGlobalSection
EndGlobal
